
Microsoft Visual Studio Solution File, Format Version 12.00
# Visual Studio Version 17
VisualStudioVersion = 17.13.35931.197
MinimumVisualStudioVersion = 10.0.40219.1
Project("{FAE04EC0-301F-11D3-BF4B-00C04F79EFBC}") = "AvanceFinal.Architecture", "AvanceFinal\AvanceFinal.Architecture.csproj", "{65EE942F-0E3C-43E5-AF06-20DCCA55F087}"
EndProject
Project("{FAE04EC0-301F-11D3-BF4B-00C04F79EFBC}") = "AvanceFinal.Business", "AvanceFinal.Business\AvanceFinal.Business.csproj", "{4D84B6A4-BA1D-4CB2-AEA8-D43CBA8CB1B5}"
EndProject
Project("{FAE04EC0-301F-11D3-BF4B-00C04F79EFBC}") = "AvanceFinal.Data", "AvanceFinal.Data\AvanceFinal.Data.csproj", "{3E2DFA65-CE41-47D0-AC40-D49BB4B9A825}"
EndProject
Project("{FAE04EC0-301F-11D3-BF4B-00C04F79EFBC}") = "AvanceFinal.Models", "AvanceFinal.Models\AvanceFinal.Models.csproj", "{7F17CE43-7808-4369-855C-0F5CF370E1BF}"
EndProject
Project("{FAE04EC0-301F-11D3-BF4B-00C04F79EFBC}") = "AvanceFinal.Mvc", "AvanceFinal.Mvc\AvanceFinal.Mvc.csproj", "{9EFB71D5-DF5C-436A-AFEE-EFDD7DBE1E3E}"
EndProject
Project("{FAE04EC0-301F-11D3-BF4B-00C04F79EFBC}") = "AvanceFinal.Repository", "AvanceFinal.Repository\AvanceFinal.Repository.csproj", "{5371FC66-AA4B-4FD0-BBD7-D862D5BEB2F0}"
EndProject
Global
	GlobalSection(SolutionConfigurationPlatforms) = preSolution
		Debug|Any CPU = Debug|Any CPU
		Release|Any CPU = Release|Any CPU
	EndGlobalSection
	GlobalSection(ProjectConfigurationPlatforms) = postSolution
		{65EE942F-0E3C-43E5-AF06-20DCCA55F087}.Debug|Any CPU.ActiveCfg = Debug|Any CPU
		{65EE942F-0E3C-43E5-AF06-20DCCA55F087}.Debug|Any CPU.Build.0 = Debug|Any CPU
		{65EE942F-0E3C-43E5-AF06-20DCCA55F087}.Release|Any CPU.ActiveCfg = Release|Any CPU
		{65EE942F-0E3C-43E5-AF06-20DCCA55F087}.Release|Any CPU.Build.0 = Release|Any CPU
		{4D84B6A4-BA1D-4CB2-AEA8-D43CBA8CB1B5}.Debug|Any CPU.ActiveCfg = Debug|Any CPU
		{4D84B6A4-BA1D-4CB2-AEA8-D43CBA8CB1B5}.Debug|Any CPU.Build.0 = Debug|Any CPU
		{4D84B6A4-BA1D-4CB2-AEA8-D43CBA8CB1B5}.Release|Any CPU.ActiveCfg = Release|Any CPU
		{4D84B6A4-BA1D-4CB2-AEA8-D43CBA8CB1B5}.Release|Any CPU.Build.0 = Release|Any CPU
		{3E2DFA65-CE41-47D0-AC40-D49BB4B9A825}.Debug|Any CPU.ActiveCfg = Debug|Any CPU
		{3E2DFA65-CE41-47D0-AC40-D49BB4B9A825}.Debug|Any CPU.Build.0 = Debug|Any CPU
		{3E2DFA65-CE41-47D0-AC40-D49BB4B9A825}.Release|Any CPU.ActiveCfg = Release|Any CPU
		{3E2DFA65-CE41-47D0-AC40-D49BB4B9A825}.Release|Any CPU.Build.0 = Release|Any CPU
		{7F17CE43-7808-4369-855C-0F5CF370E1BF}.Debug|Any CPU.ActiveCfg = Debug|Any CPU
		{7F17CE43-7808-4369-855C-0F5CF370E1BF}.Debug|Any CPU.Build.0 = Debug|Any CPU
		{7F17CE43-7808-4369-855C-0F5CF370E1BF}.Release|Any CPU.ActiveCfg = Release|Any CPU
		{7F17CE43-7808-4369-855C-0F5CF370E1BF}.Release|Any CPU.Build.0 = Release|Any CPU
		{9EFB71D5-DF5C-436A-AFEE-EFDD7DBE1E3E}.Debug|Any CPU.ActiveCfg = Debug|Any CPU
		{9EFB71D5-DF5C-436A-AFEE-EFDD7DBE1E3E}.Debug|Any CPU.Build.0 = Debug|Any CPU
		{9EFB71D5-DF5C-436A-AFEE-EFDD7DBE1E3E}.Release|Any CPU.ActiveCfg = Release|Any CPU
		{9EFB71D5-DF5C-436A-AFEE-EFDD7DBE1E3E}.Release|Any CPU.Build.0 = Release|Any CPU
		{5371FC66-AA4B-4FD0-BBD7-D862D5BEB2F0}.Debug|Any CPU.ActiveCfg = Debug|Any CPU
		{5371FC66-AA4B-4FD0-BBD7-D862D5BEB2F0}.Debug|Any CPU.Build.0 = Debug|Any CPU
		{5371FC66-AA4B-4FD0-BBD7-D862D5BEB2F0}.Release|Any CPU.ActiveCfg = Release|Any CPU
		{5371FC66-AA4B-4FD0-BBD7-D862D5BEB2F0}.Release|Any CPU.Build.0 = Release|Any CPU
	EndGlobalSection
	GlobalSection(SolutionProperties) = preSolution
		HideSolutionNode = FALSE
	EndGlobalSection
	GlobalSection(ExtensibilityGlobals) = postSolution
		SolutionGuid = {57644A7C-DFB9-4719-A5D4-06543F729997}
	EndGlobalSection
EndGlobal
