
Microsoft Visual Studio Solution File, Format Version 12.00
# Visual Studio Version 17
VisualStudioVersion = 17.13.35931.197
MinimumVisualStudioVersion = 10.0.40219.1
Project("{FAE04EC0-301F-11D3-BF4B-00C04F79EFBC}") = "ProyectoFinal.MVC", "ProyectoFinal.MVC\ProyectoFinal.MVC.csproj", "{1131F673-3591-4301-9EAE-045966C7AA5A}"
EndProject
Project("{FAE04EC0-301F-11D3-BF4B-00C04F79EFBC}") = "ProyectoFinal.Data", "ProyectoFinal.Data\ProyectoFinal.Data.csproj", "{3E2DFA65-CE41-47D0-AC40-D49BB4B9A825}"
EndProject
Project("{FAE04EC0-301F-11D3-BF4B-00C04F79EFBC}") = "ProyectoFinal.Models", "ProyectoFinal.Models\ProyectoFinal.Models.csproj", "{7F17CE43-7808-4369-855C-0F5CF370E1BF}"
EndProject
Project("{FAE04EC0-301F-11D3-BF4B-00C04F79EFBC}") = "ProyectoFinal.Business", "ProyectoFinal.Business\ProyectoFinal.Business.csproj", "{4D84B6A4-BA1D-4CB2-AEA8-D43CBA8CB1B5}"
EndProject
Project("{FAE04EC0-301F-11D3-BF4B-00C04F79EFBC}") = "ProyectoFinal.Repository", "ProyectoFinal.Repository\ProyectoFinal.Repository.csproj", "{5371FC66-AA4B-4FD0-BBD7-D862D5BEB2F0}"
EndProject
Global
	GlobalSection(SolutionConfigurationPlatforms) = preSolution
		Debug|Any CPU = Debug|Any CPU
		Release|Any CPU = Release|Any CPU
	EndGlobalSection
	GlobalSection(ProjectConfigurationPlatforms) = postSolution
		{1131F673-3591-4301-9EAE-045966C7AA5A}.Debug|Any CPU.ActiveCfg = Debug|Any CPU
		{1131F673-3591-4301-9EAE-045966C7AA5A}.Debug|Any CPU.Build.0 = Debug|Any CPU
		{1131F673-3591-4301-9EAE-045966C7AA5A}.Release|Any CPU.ActiveCfg = Release|Any CPU
		{1131F673-3591-4301-9EAE-045966C7AA5A}.Release|Any CPU.Build.0 = Release|Any CPU
		{3E2DFA65-CE41-47D0-AC40-D49BB4B9A825}.Debug|Any CPU.ActiveCfg = Debug|Any CPU
		{3E2DFA65-CE41-47D0-AC40-D49BB4B9A825}.Debug|Any CPU.Build.0 = Debug|Any CPU
		{3E2DFA65-CE41-47D0-AC40-D49BB4B9A825}.Release|Any CPU.ActiveCfg = Release|Any CPU
		{3E2DFA65-CE41-47D0-AC40-D49BB4B9A825}.Release|Any CPU.Build.0 = Release|Any CPU
		{7F17CE43-7808-4369-855C-0F5CF370E1BF}.Debug|Any CPU.ActiveCfg = Debug|Any CPU
		{7F17CE43-7808-4369-855C-0F5CF370E1BF}.Debug|Any CPU.Build.0 = Debug|Any CPU
		{7F17CE43-7808-4369-855C-0F5CF370E1BF}.Release|Any CPU.ActiveCfg = Release|Any CPU
		{7F17CE43-7808-4369-855C-0F5CF370E1BF}.Release|Any CPU.Build.0 = Release|Any CPU
		{4D84B6A4-BA1D-4CB2-AEA8-D43CBA8CB1B5}.Debug|Any CPU.ActiveCfg = Debug|Any CPU
		{4D84B6A4-BA1D-4CB2-AEA8-D43CBA8CB1B5}.Debug|Any CPU.Build.0 = Debug|Any CPU
		{4D84B6A4-BA1D-4CB2-AEA8-D43CBA8CB1B5}.Release|Any CPU.ActiveCfg = Release|Any CPU
		{4D84B6A4-BA1D-4CB2-AEA8-D43CBA8CB1B5}.Release|Any CPU.Build.0 = Release|Any CPU
		{5371FC66-AA4B-4FD0-BBD7-D862D5BEB2F0}.Debug|Any CPU.ActiveCfg = Debug|Any CPU
		{5371FC66-AA4B-4FD0-BBD7-D862D5BEB2F0}.Debug|Any CPU.Build.0 = Debug|Any CPU
		{5371FC66-AA4B-4FD0-BBD7-D862D5BEB2F0}.Release|Any CPU.ActiveCfg = Release|Any CPU
		{5371FC66-AA4B-4FD0-BBD7-D862D5BEB2F0}.Release|Any CPU.Build.0 = Release|Any CPU
	EndGlobalSection
	GlobalSection(SolutionProperties) = preSolution
		HideSolutionNode = FALSE
	EndGlobalSection
	GlobalSection(ExtensibilityGlobals) = postSolution
		SolutionGuid = {57644A7C-DFB9-4719-A5D4-06543F729997}
	EndGlobalSection
EndGlobal
